// !$*UTF8*$!
{
	archiveVersion = 1;
	classes = {
	};
	objectVersion = 50;
	objects = {

/* Begin PBXBuildFile section */
		D62DBAA1248FCC40004B4E1E /* AppDelegate.swift in Sources */ = {isa = PBXBuildFile; fileRef = D62DBAA0248FCC40004B4E1E /* AppDelegate.swift */; };
		D62DBAA3248FCC40004B4E1E /* SceneDelegate.swift in Sources */ = {isa = PBXBuildFile; fileRef = D62DBAA2248FCC40004B4E1E /* SceneDelegate.swift */; };
		D62DBAA5248FCC40004B4E1E /* ViewController.swift in Sources */ = {isa = PBXBuildFile; fileRef = D62DBAA4248FCC40004B4E1E /* ViewController.swift */; };
		D62DBAA8248FCC40004B4E1E /* Main.storyboard in Resources */ = {isa = PBXBuildFile; fileRef = D62DBAA6248FCC40004B4E1E /* Main.storyboard */; };
		D62DBAAA248FCC42004B4E1E /* Assets.xcassets in Resources */ = {isa = PBXBuildFile; fileRef = D62DBAA9248FCC42004B4E1E /* Assets.xcassets */; };
		D62DBAAD248FCC42004B4E1E /* LaunchScreen.storyboard in Resources */ = {isa = PBXBuildFile; fileRef = D62DBAAB248FCC42004B4E1E /* LaunchScreen.storyboard */; };
		D62DBAB8248FCC42004B4E1E /* ChatAppTests.swift in Sources */ = {isa = PBXBuildFile; fileRef = D62DBAB7248FCC42004B4E1E /* ChatAppTests.swift */; };
		D62DBAC3248FCC42004B4E1E /* ChatAppUITests.swift in Sources */ = {isa = PBXBuildFile; fileRef = D62DBAC2248FCC42004B4E1E /* ChatAppUITests.swift */; };
		D681CB452491334B00C774AD /* SignUpViewController+UI.swift in Sources */ = {isa = PBXBuildFile; fileRef = D681CB442491334B00C774AD /* SignUpViewController+UI.swift */; };
		D6D1817C24911D56007490FB /* ViewController+UI.swift in Sources */ = {isa = PBXBuildFile; fileRef = D6D1817B24911D56007490FB /* ViewController+UI.swift */; };
		D6D1817E24912293007490FB /* SignUpViewController.swift in Sources */ = {isa = PBXBuildFile; fileRef = D6D1817D24912293007490FB /* SignUpViewController.swift */; };
/* End PBXBuildFile section */

/* Begin PBXContainerItemProxy section */
		D62DBAB4248FCC42004B4E1E /* PBXContainerItemProxy */ = {
			isa = PBXContainerItemProxy;
			containerPortal = D62DBA95248FCC3F004B4E1E /* Project object */;
			proxyType = 1;
			remoteGlobalIDString = D62DBA9C248FCC40004B4E1E;
			remoteInfo = ChatApp;
		};
		D62DBABF248FCC42004B4E1E /* PBXContainerItemProxy */ = {
			isa = PBXContainerItemProxy;
			containerPortal = D62DBA95248FCC3F004B4E1E /* Project object */;
			proxyType = 1;
			remoteGlobalIDString = D62DBA9C248FCC40004B4E1E;
			remoteInfo = ChatApp;
		};
/* End PBXContainerItemProxy section */

/* Begin PBXFileReference section */
		D62DBA9D248FCC40004B4E1E /* ChatApp.app */ = {isa = PBXFileReference; explicitFileType = wrapper.application; includeInIndex = 0; path = ChatApp.app; sourceTree = BUILT_PRODUCTS_DIR; };
		D62DBAA0248FCC40004B4E1E /* AppDelegate.swift */ = {isa = PBXFileReference; lastKnownFileType = sourcecode.swift; path = AppDelegate.swift; sourceTree = "<group>"; };
		D62DBAA2248FCC40004B4E1E /* SceneDelegate.swift */ = {isa = PBXFileReference; lastKnownFileType = sourcecode.swift; path = SceneDelegate.swift; sourceTree = "<group>"; };
		D62DBAA4248FCC40004B4E1E /* ViewController.swift */ = {isa = PBXFileReference; lastKnownFileType = sourcecode.swift; path = ViewController.swift; sourceTree = "<group>"; };
		D62DBAA7248FCC40004B4E1E /* Base */ = {isa = PBXFileReference; lastKnownFileType = file.storyboard; name = Base; path = Base.lproj/Main.storyboard; sourceTree = "<group>"; };
		D62DBAA9248FCC42004B4E1E /* Assets.xcassets */ = {isa = PBXFileReference; lastKnownFileType = folder.assetcatalog; path = Assets.xcassets; sourceTree = "<group>"; };
		D62DBAAC248FCC42004B4E1E /* Base */ = {isa = PBXFileReference; lastKnownFileType = file.storyboard; name = Base; path = Base.lproj/LaunchScreen.storyboard; sourceTree = "<group>"; };
		D62DBAAE248FCC42004B4E1E /* Info.plist */ = {isa = PBXFileReference; lastKnownFileType = text.plist.xml; path = Info.plist; sourceTree = "<group>"; };
		D62DBAB3248FCC42004B4E1E /* ChatAppTests.xctest */ = {isa = PBXFileReference; explicitFileType = wrapper.cfbundle; includeInIndex = 0; path = ChatAppTests.xctest; sourceTree = BUILT_PRODUCTS_DIR; };
		D62DBAB7248FCC42004B4E1E /* ChatAppTests.swift */ = {isa = PBXFileReference; lastKnownFileType = sourcecode.swift; path = ChatAppTests.swift; sourceTree = "<group>"; };
		D62DBAB9248FCC42004B4E1E /* Info.plist */ = {isa = PBXFileReference; lastKnownFileType = text.plist.xml; path = Info.plist; sourceTree = "<group>"; };
		D62DBABE248FCC42004B4E1E /* ChatAppUITests.xctest */ = {isa = PBXFileReference; explicitFileType = wrapper.cfbundle; includeInIndex = 0; path = ChatAppUITests.xctest; sourceTree = BUILT_PRODUCTS_DIR; };
		D62DBAC2248FCC42004B4E1E /* ChatAppUITests.swift */ = {isa = PBXFileReference; lastKnownFileType = sourcecode.swift; path = ChatAppUITests.swift; sourceTree = "<group>"; };
		D62DBAC4248FCC42004B4E1E /* Info.plist */ = {isa = PBXFileReference; lastKnownFileType = text.plist.xml; path = Info.plist; sourceTree = "<group>"; };
		D681CB442491334B00C774AD /* SignUpViewController+UI.swift */ = {isa = PBXFileReference; lastKnownFileType = sourcecode.swift; path = "SignUpViewController+UI.swift"; sourceTree = "<group>"; };
		D6D1817B24911D56007490FB /* ViewController+UI.swift */ = {isa = PBXFileReference; lastKnownFileType = sourcecode.swift; path = "ViewController+UI.swift"; sourceTree = "<group>"; };
		D6D1817D24912293007490FB /* SignUpViewController.swift */ = {isa = PBXFileReference; lastKnownFileType = sourcecode.swift; path = SignUpViewController.swift; sourceTree = "<group>"; };
/* End PBXFileReference section */

/* Begin PBXFrameworksBuildPhase section */
		D62DBA9A248FCC40004B4E1E /* Frameworks */ = {
			isa = PBXFrameworksBuildPhase;
			buildActionMask = 2147483647;
			files = (
			);
			runOnlyForDeploymentPostprocessing = 0;
		};
		D62DBAB0248FCC42004B4E1E /* Frameworks */ = {
			isa = PBXFrameworksBuildPhase;
			buildActionMask = 2147483647;
			files = (
			);
			runOnlyForDeploymentPostprocessing = 0;
		};
		D62DBABB248FCC42004B4E1E /* Frameworks */ = {
			isa = PBXFrameworksBuildPhase;
			buildActionMask = 2147483647;
			files = (
			);
			runOnlyForDeploymentPostprocessing = 0;
		};
/* End PBXFrameworksBuildPhase section */

/* Begin PBXGroup section */
		D62DBA94248FCC3F004B4E1E = {
			isa = PBXGroup;
			children = (
				D62DBA9F248FCC40004B4E1E /* ChatApp */,
				D62DBAB6248FCC42004B4E1E /* ChatAppTests */,
				D62DBAC1248FCC42004B4E1E /* ChatAppUITests */,
				D62DBA9E248FCC40004B4E1E /* Products */,
			);
			sourceTree = "<group>";
		};
		D62DBA9E248FCC40004B4E1E /* Products */ = {
			isa = PBXGroup;
			children = (
				D62DBA9D248FCC40004B4E1E /* ChatApp.app */,
				D62DBAB3248FCC42004B4E1E /* ChatAppTests.xctest */,
				D62DBABE248FCC42004B4E1E /* ChatAppUITests.xctest */,
			);
			name = Products;
			sourceTree = "<group>";
		};
		D62DBA9F248FCC40004B4E1E /* ChatApp */ = {
			isa = PBXGroup;
			children = (
				D6D1818124912318007490FB /* storyboards */,
				D6D18180249122E0007490FB /* views */,
				D6D1817F249122BE007490FB /* controllers */,
				D62DBAA0248FCC40004B4E1E /* AppDelegate.swift */,
				D62DBAA2248FCC40004B4E1E /* SceneDelegate.swift */,
				D62DBAA9248FCC42004B4E1E /* Assets.xcassets */,
				D62DBAAB248FCC42004B4E1E /* LaunchScreen.storyboard */,
				D62DBAAE248FCC42004B4E1E /* Info.plist */,
			);
			path = ChatApp;
			sourceTree = "<group>";
		};
		D62DBAB6248FCC42004B4E1E /* ChatAppTests */ = {
			isa = PBXGroup;
			children = (
				D62DBAB7248FCC42004B4E1E /* ChatAppTests.swift */,
				D62DBAB9248FCC42004B4E1E /* Info.plist */,
			);
			path = ChatAppTests;
			sourceTree = "<group>";
		};
		D62DBAC1248FCC42004B4E1E /* ChatAppUITests */ = {
			isa = PBXGroup;
			children = (
				D62DBAC2248FCC42004B4E1E /* ChatAppUITests.swift */,
				D62DBAC4248FCC42004B4E1E /* Info.plist */,
			);
			path = ChatAppUITests;
			sourceTree = "<group>";
		};
		D6D1817F249122BE007490FB /* controllers */ = {
			isa = PBXGroup;
			children = (
				D62DBAA4248FCC40004B4E1E /* ViewController.swift */,
				D6D1817D24912293007490FB /* SignUpViewController.swift */,
			);
			path = controllers;
			sourceTree = "<group>";
		};
		D6D18180249122E0007490FB /* views */ = {
			isa = PBXGroup;
			children = (
				D6D1817B24911D56007490FB /* ViewController+UI.swift */,
				D681CB442491334B00C774AD /* SignUpViewController+UI.swift */,
			);
			path = views;
			sourceTree = "<group>";
		};
		D6D1818124912318007490FB /* storyboards */ = {
			isa = PBXGroup;
			children = (
				D62DBAA6248FCC40004B4E1E /* Main.storyboard */,
			);
			path = storyboards;
			sourceTree = "<group>";
		};
/* End PBXGroup section */

/* Begin PBXNativeTarget section */
		D62DBA9C248FCC40004B4E1E /* ChatApp */ = {
			isa = PBXNativeTarget;
			buildConfigurationList = D62DBAC7248FCC42004B4E1E /* Build configuration list for PBXNativeTarget "ChatApp" */;
			buildPhases = (
				D62DBA99248FCC40004B4E1E /* Sources */,
				D62DBA9A248FCC40004B4E1E /* Frameworks */,
				D62DBA9B248FCC40004B4E1E /* Resources */,
			);
			buildRules = (
			);
			dependencies = (
			);
			name = ChatApp;
			productName = ChatApp;
			productReference = D62DBA9D248FCC40004B4E1E /* ChatApp.app */;
			productType = "com.apple.product-type.application";
		};
		D62DBAB2248FCC42004B4E1E /* ChatAppTests */ = {
			isa = PBXNativeTarget;
			buildConfigurationList = D62DBACA248FCC42004B4E1E /* Build configuration list for PBXNativeTarget "ChatAppTests" */;
			buildPhases = (
				D62DBAAF248FCC42004B4E1E /* Sources */,
				D62DBAB0248FCC42004B4E1E /* Frameworks */,
				D62DBAB1248FCC42004B4E1E /* Resources */,
			);
			buildRules = (
			);
			dependencies = (
				D62DBAB5248FCC42004B4E1E /* PBXTargetDependency */,
			);
			name = ChatAppTests;
			productName = ChatAppTests;
			productReference = D62DBAB3248FCC42004B4E1E /* ChatAppTests.xctest */;
			productType = "com.apple.product-type.bundle.unit-test";
		};
		D62DBABD248FCC42004B4E1E /* ChatAppUITests */ = {
			isa = PBXNativeTarget;
			buildConfigurationList = D62DBACD248FCC42004B4E1E /* Build configuration list for PBXNativeTarget "ChatAppUITests" */;
			buildPhases = (
				D62DBABA248FCC42004B4E1E /* Sources */,
				D62DBABB248FCC42004B4E1E /* Frameworks */,
				D62DBABC248FCC42004B4E1E /* Resources */,
			);
			buildRules = (
			);
			dependencies = (
				D62DBAC0248FCC42004B4E1E /* PBXTargetDependency */,
			);
			name = ChatAppUITests;
			productName = ChatAppUITests;
			productReference = D62DBABE248FCC42004B4E1E /* ChatAppUITests.xctest */;
			productType = "com.apple.product-type.bundle.ui-testing";
		};
/* End PBXNativeTarget section */

/* Begin PBXProject section */
		D62DBA95248FCC3F004B4E1E /* Project object */ = {
			isa = PBXProject;
			attributes = {
				LastSwiftUpdateCheck = 1150;
				LastUpgradeCheck = 1150;
				ORGANIZATIONNAME = "Takumi Fuzawa";
				TargetAttributes = {
					D62DBA9C248FCC40004B4E1E = {
						CreatedOnToolsVersion = 11.5;
					};
					D62DBAB2248FCC42004B4E1E = {
						CreatedOnToolsVersion = 11.5;
						TestTargetID = D62DBA9C248FCC40004B4E1E;
					};
					D62DBABD248FCC42004B4E1E = {
						CreatedOnToolsVersion = 11.5;
						TestTargetID = D62DBA9C248FCC40004B4E1E;
					};
				};
			};
			buildConfigurationList = D62DBA98248FCC3F004B4E1E /* Build configuration list for PBXProject "ChatApp" */;
			compatibilityVersion = "Xcode 9.3";
			developmentRegion = en;
			hasScannedForEncodings = 0;
			knownRegions = (
				en,
				Base,
			);
			mainGroup = D62DBA94248FCC3F004B4E1E;
			productRefGroup = D62DBA9E248FCC40004B4E1E /* Products */;
			projectDirPath = "";
			projectRoot = "";
			targets = (
				D62DBA9C248FCC40004B4E1E /* ChatApp */,
				D62DBAB2248FCC42004B4E1E /* ChatAppTests */,
				D62DBABD248FCC42004B4E1E /* ChatAppUITests */,
			);
		};
/* End PBXProject section */

/* Begin PBXResourcesBuildPhase section */
		D62DBA9B248FCC40004B4E1E /* Resources */ = {
			isa = PBXResourcesBuildPhase;
			buildActionMask = 2147483647;
			files = (
				D62DBAAD248FCC42004B4E1E /* LaunchScreen.storyboard in Resources */,
				D62DBAAA248FCC42004B4E1E /* Assets.xcassets in Resources */,
				D62DBAA8248FCC40004B4E1E /* Main.storyboard in Resources */,
			);
			runOnlyForDeploymentPostprocessing = 0;
		};
		D62DBAB1248FCC42004B4E1E /* Resources */ = {
			isa = PBXResourcesBuildPhase;
			buildActionMask = 2147483647;
			files = (
			);
			runOnlyForDeploymentPostprocessing = 0;
		};
		D62DBABC248FCC42004B4E1E /* Resources */ = {
			isa = PBXResourcesBuildPhase;
			buildActionMask = 2147483647;
			files = (
			);
			runOnlyForDeploymentPostprocessing = 0;
		};
/* End PBXResourcesBuildPhase section */

/* Begin PBXSourcesBuildPhase section */
		D62DBA99248FCC40004B4E1E /* Sources */ = {
			isa = PBXSourcesBuildPhase;
			buildActionMask = 2147483647;
			files = (
				D681CB452491334B00C774AD /* SignUpViewController+UI.swift in Sources */,
				D62DBAA5248FCC40004B4E1E /* ViewController.swift in Sources */,
				D62DBAA1248FCC40004B4E1E /* AppDelegate.swift in Sources */,
				D6D1817C24911D56007490FB /* ViewController+UI.swift in Sources */,
				D62DBAA3248FCC40004B4E1E /* SceneDelegate.swift in Sources */,
				D6D1817E24912293007490FB /* SignUpViewController.swift in Sources */,
			);
			runOnlyForDeploymentPostprocessing = 0;
		};
		D62DBAAF248FCC42004B4E1E /* Sources */ = {
			isa = PBXSourcesBuildPhase;
			buildActionMask = 2147483647;
			files = (
				D62DBAB8248FCC42004B4E1E /* ChatAppTests.swift in Sources */,
			);
			runOnlyForDeploymentPostprocessing = 0;
		};
		D62DBABA248FCC42004B4E1E /* Sources */ = {
			isa = PBXSourcesBuildPhase;
			buildActionMask = 2147483647;
			files = (
				D62DBAC3248FCC42004B4E1E /* ChatAppUITests.swift in Sources */,
			);
			runOnlyForDeploymentPostprocessing = 0;
		};
/* End PBXSourcesBuildPhase section */

/* Begin PBXTargetDependency section */
		D62DBAB5248FCC42004B4E1E /* PBXTargetDependency */ = {
			isa = PBXTargetDependency;
			target = D62DBA9C248FCC40004B4E1E /* ChatApp */;
			targetProxy = D62DBAB4248FCC42004B4E1E /* PBXContainerItemProxy */;
		};
		D62DBAC0248FCC42004B4E1E /* PBXTargetDependency */ = {
			isa = PBXTargetDependency;
			target = D62DBA9C248FCC40004B4E1E /* ChatApp */;
			targetProxy = D62DBABF248FCC42004B4E1E /* PBXContainerItemProxy */;
		};
/* End PBXTargetDependency section */

/* Begin PBXVariantGroup section */
		D62DBAA6248FCC40004B4E1E /* Main.storyboard */ = {
			isa = PBXVariantGroup;
			children = (
				D62DBAA7248FCC40004B4E1E /* Base */,
			);
			name = Main.storyboard;
			sourceTree = "<group>";
		};
		D62DBAAB248FCC42004B4E1E /* LaunchScreen.storyboard */ = {
			isa = PBXVariantGroup;
			children = (
				D62DBAAC248FCC42004B4E1E /* Base */,
			);
			name = LaunchScreen.storyboard;
			sourceTree = "<group>";
		};
/* End PBXVariantGroup section */

/* Begin XCBuildConfiguration section */
		D62DBAC5248FCC42004B4E1E /* Debug */ = {
			isa = XCBuildConfiguration;
			buildSettings = {
				ALWAYS_SEARCH_USER_PATHS = NO;
				CLANG_ANALYZER_NONNULL = YES;
				CLANG_ANALYZER_NUMBER_OBJECT_CONVERSION = YES_AGGRESSIVE;
				CLANG_CXX_LANGUAGE_STANDARD = "gnu++14";
				CLANG_CXX_LIBRARY = "libc++";
				CLANG_ENABLE_MODULES = YES;
				CLANG_ENABLE_OBJC_ARC = YES;
				CLANG_ENABLE_OBJC_WEAK = YES;
				CLANG_WARN_BLOCK_CAPTURE_AUTORELEASING = YES;
				CLANG_WARN_BOOL_CONVERSION = YES;
				CLANG_WARN_COMMA = YES;
				CLANG_WARN_CONSTANT_CONVERSION = YES;
				CLANG_WARN_DEPRECATED_OBJC_IMPLEMENTATIONS = YES;
				CLANG_WARN_DIRECT_OBJC_ISA_USAGE = YES_ERROR;
				CLANG_WARN_DOCUMENTATION_COMMENTS = YES;
				CLANG_WARN_EMPTY_BODY = YES;
				CLANG_WARN_ENUM_CONVERSION = YES;
				CLANG_WARN_INFINITE_RECURSION = YES;
				CLANG_WARN_INT_CONVERSION = YES;
				CLANG_WARN_NON_LITERAL_NULL_CONVERSION = YES;
				CLANG_WARN_OBJC_IMPLICIT_RETAIN_SELF = YES;
				CLANG_WARN_OBJC_LITERAL_CONVERSION = YES;
				CLANG_WARN_OBJC_ROOT_CLASS = YES_ERROR;
				CLANG_WARN_RANGE_LOOP_ANALYSIS = YES;
				CLANG_WARN_STRICT_PROTOTYPES = YES;
				CLANG_WARN_SUSPICIOUS_MOVE = YES;
				CLANG_WARN_UNGUARDED_AVAILABILITY = YES_AGGRESSIVE;
				CLANG_WARN_UNREACHABLE_CODE = YES;
				CLANG_WARN__DUPLICATE_METHOD_MATCH = YES;
				COPY_PHASE_STRIP = NO;
				DEBUG_INFORMATION_FORMAT = dwarf;
				ENABLE_STRICT_OBJC_MSGSEND = YES;
				ENABLE_TESTABILITY = YES;
				GCC_C_LANGUAGE_STANDARD = gnu11;
				GCC_DYNAMIC_NO_PIC = NO;
				GCC_NO_COMMON_BLOCKS = YES;
				GCC_OPTIMIZATION_LEVEL = 0;
				GCC_PREPROCESSOR_DEFINITIONS = (
					"DEBUG=1",
					"$(inherited)",
				);
				GCC_WARN_64_TO_32_BIT_CONVERSION = YES;
				GCC_WARN_ABOUT_RETURN_TYPE = YES_ERROR;
				GCC_WARN_UNDECLARED_SELECTOR = YES;
				GCC_WARN_UNINITIALIZED_AUTOS = YES_AGGRESSIVE;
				GCC_WARN_UNUSED_FUNCTION = YES;
				GCC_WARN_UNUSED_VARIABLE = YES;
				IPHONEOS_DEPLOYMENT_TARGET = 13.5;
				MTL_ENABLE_DEBUG_INFO = INCLUDE_SOURCE;
				MTL_FAST_MATH = YES;
				ONLY_ACTIVE_ARCH = YES;
				SDKROOT = iphoneos;
				SWIFT_ACTIVE_COMPILATION_CONDITIONS = DEBUG;
				SWIFT_OPTIMIZATION_LEVEL = "-Onone";
			};
			name = Debug;
		};
		D62DBAC6248FCC42004B4E1E /* Release */ = {
			isa = XCBuildConfiguration;
			buildSettings = {
				ALWAYS_SEARCH_USER_PATHS = NO;
				CLANG_ANALYZER_NONNULL = YES;
				CLANG_ANALYZER_NUMBER_OBJECT_CONVERSION = YES_AGGRESSIVE;
				CLANG_CXX_LANGUAGE_STANDARD = "gnu++14";
				CLANG_CXX_LIBRARY = "libc++";
				CLANG_ENABLE_MODULES = YES;
				CLANG_ENABLE_OBJC_ARC = YES;
				CLANG_ENABLE_OBJC_WEAK = YES;
				CLANG_WARN_BLOCK_CAPTURE_AUTORELEASING = YES;
				CLANG_WARN_BOOL_CONVERSION = YES;
				CLANG_WARN_COMMA = YES;
				CLANG_WARN_CONSTANT_CONVERSION = YES;
				CLANG_WARN_DEPRECATED_OBJC_IMPLEMENTATIONS = YES;
				CLANG_WARN_DIRECT_OBJC_ISA_USAGE = YES_ERROR;
				CLANG_WARN_DOCUMENTATION_COMMENTS = YES;
				CLANG_WARN_EMPTY_BODY = YES;
				CLANG_WARN_ENUM_CONVERSION = YES;
				CLANG_WARN_INFINITE_RECURSION = YES;
				CLANG_WARN_INT_CONVERSION = YES;
				CLANG_WARN_NON_LITERAL_NULL_CONVERSION = YES;
				CLANG_WARN_OBJC_IMPLICIT_RETAIN_SELF = YES;
				CLANG_WARN_OBJC_LITERAL_CONVERSION = YES;
				CLANG_WARN_OBJC_ROOT_CLASS = YES_ERROR;
				CLANG_WARN_RANGE_LOOP_ANALYSIS = YES;
				CLANG_WARN_STRICT_PROTOTYPES = YES;
				CLANG_WARN_SUSPICIOUS_MOVE = YES;
				CLANG_WARN_UNGUARDED_AVAILABILITY = YES_AGGRESSIVE;
				CLANG_WARN_UNREACHABLE_CODE = YES;
				CLANG_WARN__DUPLICATE_METHOD_MATCH = YES;
				COPY_PHASE_STRIP = NO;
				DEBUG_INFORMATION_FORMAT = "dwarf-with-dsym";
				ENABLE_NS_ASSERTIONS = NO;
				ENABLE_STRICT_OBJC_MSGSEND = YES;
				GCC_C_LANGUAGE_STANDARD = gnu11;
				GCC_NO_COMMON_BLOCKS = YES;
				GCC_WARN_64_TO_32_BIT_CONVERSION = YES;
				GCC_WARN_ABOUT_RETURN_TYPE = YES_ERROR;
				GCC_WARN_UNDECLARED_SELECTOR = YES;
				GCC_WARN_UNINITIALIZED_AUTOS = YES_AGGRESSIVE;
				GCC_WARN_UNUSED_FUNCTION = YES;
				GCC_WARN_UNUSED_VARIABLE = YES;
				IPHONEOS_DEPLOYMENT_TARGET = 13.5;
				MTL_ENABLE_DEBUG_INFO = NO;
				MTL_FAST_MATH = YES;
				SDKROOT = iphoneos;
				SWIFT_COMPILATION_MODE = wholemodule;
				SWIFT_OPTIMIZATION_LEVEL = "-O";
				VALIDATE_PRODUCT = YES;
			};
			name = Release;
		};
		D62DBAC8248FCC42004B4E1E /* Debug */ = {
			isa = XCBuildConfiguration;
			buildSettings = {
				ASSETCATALOG_COMPILER_APPICON_NAME = AppIcon;
				CODE_SIGN_STYLE = Automatic;
				INFOPLIST_FILE = ChatApp/Info.plist;
				LD_RUNPATH_SEARCH_PATHS = (
					"$(inherited)",
					"@executable_path/Frameworks",
				);
				PRODUCT_BUNDLE_IDENTIFIER = com.futakumin.ChatApp;
				PRODUCT_NAME = "$(TARGET_NAME)";
				SWIFT_VERSION = 5.0;
				TARGETED_DEVICE_FAMILY = "1,2";
			};
			name = Debug;
		};
		D62DBAC9248FCC42004B4E1E /* Release */ = {
			isa = XCBuildConfiguration;
			buildSettings = {
				ASSETCATALOG_COMPILER_APPICON_NAME = AppIcon;
				CODE_SIGN_STYLE = Automatic;
				INFOPLIST_FILE = ChatApp/Info.plist;
				LD_RUNPATH_SEARCH_PATHS = (
					"$(inherited)",
					"@executable_path/Frameworks",
				);
				PRODUCT_BUNDLE_IDENTIFIER = com.futakumin.ChatApp;
				PRODUCT_NAME = "$(TARGET_NAME)";
				SWIFT_VERSION = 5.0;
				TARGETED_DEVICE_FAMILY = "1,2";
			};
			name = Release;
		};
		D62DBACB248FCC42004B4E1E /* Debug */ = {
			isa = XCBuildConfiguration;
			buildSettings = {
				ALWAYS_EMBED_SWIFT_STANDARD_LIBRARIES = YES;
				BUNDLE_LOADER = "$(TEST_HOST)";
				CODE_SIGN_STYLE = Automatic;
				INFOPLIST_FILE = ChatAppTests/Info.plist;
				IPHONEOS_DEPLOYMENT_TARGET = 13.5;
				LD_RUNPATH_SEARCH_PATHS = (
					"$(inherited)",
					"@executable_path/Frameworks",
					"@loader_path/Frameworks",
				);
				PRODUCT_BUNDLE_IDENTIFIER = com.futakumin.ChatAppTests;
				PRODUCT_NAME = "$(TARGET_NAME)";
				SWIFT_VERSION = 5.0;
				TARGETED_DEVICE_FAMILY = "1,2";
				TEST_HOST = "$(BUILT_PRODUCTS_DIR)/ChatApp.app/ChatApp";
			};
			name = Debug;
		};
		D62DBACC248FCC42004B4E1E /* Release */ = {
			isa = XCBuildConfiguration;
			buildSettings = {
				ALWAYS_EMBED_SWIFT_STANDARD_LIBRARIES = YES;
				BUNDLE_LOADER = "$(TEST_HOST)";
				CODE_SIGN_STYLE = Automatic;
				INFOPLIST_FILE = ChatAppTests/Info.plist;
				IPHONEOS_DEPLOYMENT_TARGET = 13.5;
				LD_RUNPATH_SEARCH_PATHS = (
					"$(inherited)",
					"@executable_path/Frameworks",
					"@loader_path/Frameworks",
				);
				PRODUCT_BUNDLE_IDENTIFIER = com.futakumin.ChatAppTests;
				PRODUCT_NAME = "$(TARGET_NAME)";
				SWIFT_VERSION = 5.0;
				TARGETED_DEVICE_FAMILY = "1,2";
				TEST_HOST = "$(BUILT_PRODUCTS_DIR)/ChatApp.app/ChatApp";
			};
			name = Release;
		};
		D62DBACE248FCC42004B4E1E /* Debug */ = {
			isa = XCBuildConfiguration;
			buildSettings = {
				ALWAYS_EMBED_SWIFT_STANDARD_LIBRARIES = YES;
				CODE_SIGN_STYLE = Automatic;
				INFOPLIST_FILE = ChatAppUITests/Info.plist;
				LD_RUNPATH_SEARCH_PATHS = (
					"$(inherited)",
					"@executable_path/Frameworks",
					"@loader_path/Frameworks",
				);
				PRODUCT_BUNDLE_IDENTIFIER = com.futakumin.ChatAppUITests;
				PRODUCT_NAME = "$(TARGET_NAME)";
				SWIFT_VERSION = 5.0;
				TARGETED_DEVICE_FAMILY = "1,2";
				TEST_TARGET_NAME = ChatApp;
			};
			name = Debug;
		};
		D62DBACF248FCC42004B4E1E /* Release */ = {
			isa = XCBuildConfiguration;
			buildSettings = {
				ALWAYS_EMBED_SWIFT_STANDARD_LIBRARIES = YES;
				CODE_SIGN_STYLE = Automatic;
				INFOPLIST_FILE = ChatAppUITests/Info.plist;
				LD_RUNPATH_SEARCH_PATHS = (
					"$(inherited)",
					"@executable_path/Frameworks",
					"@loader_path/Frameworks",
				);
				PRODUCT_BUNDLE_IDENTIFIER = com.futakumin.ChatAppUITests;
				PRODUCT_NAME = "$(TARGET_NAME)";
				SWIFT_VERSION = 5.0;
				TARGETED_DEVICE_FAMILY = "1,2";
				TEST_TARGET_NAME = ChatApp;
			};
			name = Release;
		};
/* End XCBuildConfiguration section */

/* Begin XCConfigurationList section */
		D62DBA98248FCC3F004B4E1E /* Build configuration list for PBXProject "ChatApp" */ = {
			isa = XCConfigurationList;
			buildConfigurations = (
				D62DBAC5248FCC42004B4E1E /* Debug */,
				D62DBAC6248FCC42004B4E1E /* Release */,
			);
			defaultConfigurationIsVisible = 0;
			defaultConfigurationName = Release;
		};
		D62DBAC7248FCC42004B4E1E /* Build configuration list for PBXNativeTarget "ChatApp" */ = {
			isa = XCConfigurationList;
			buildConfigurations = (
				D62DBAC8248FCC42004B4E1E /* Debug */,
				D62DBAC9248FCC42004B4E1E /* Release */,
			);
			defaultConfigurationIsVisible = 0;
			defaultConfigurationName = Release;
		};
		D62DBACA248FCC42004B4E1E /* Build configuration list for PBXNativeTarget "ChatAppTests" */ = {
			isa = XCConfigurationList;
			buildConfigurations = (
				D62DBACB248FCC42004B4E1E /* Debug */,
				D62DBACC248FCC42004B4E1E /* Release */,
			);
			defaultConfigurationIsVisible = 0;
			defaultConfigurationName = Release;
		};
		D62DBACD248FCC42004B4E1E /* Build configuration list for PBXNativeTarget "ChatAppUITests" */ = {
			isa = XCConfigurationList;
			buildConfigurations = (
				D62DBACE248FCC42004B4E1E /* Debug */,
				D62DBACF248FCC42004B4E1E /* Release */,
			);
			defaultConfigurationIsVisible = 0;
			defaultConfigurationName = Release;
		};
/* End XCConfigurationList section */
	};
	rootObject = D62DBA95248FCC3F004B4E1E /* Project object */;
}
